# This file is automatically @generated by Poetry 1.8.3 and should not be changed by hand.

[[package]]
name = "aiosql"
version = "13.3"
description = "Simple SQL in Python"
optional = false
python-versions = ">=3.9"
files = [
    {file = "aiosql-13.3-py3-none-any.whl", hash = "sha256:79503e06c5a808c98dc85c1e2b2a0501d9332a372d5517df969cdfca98d4ec0b"},
    {file = "aiosql-13.3.tar.gz", hash = "sha256:22f587522426106a45683ce206cddd1357dfea65487c88ae9dbf8cb2dc138f10"},
]

[package.extras]
dev = ["black", "coverage", "flake8", "mypy", "pyright", "pytest", "pytest-asyncio", "ruff", "types-setuptools"]
dev-duckdb = ["duckdb"]
dev-mariadb = ["mariadb"]
dev-mssql = ["pymssql"]
dev-mysql = ["mysql-connector-python", "mysqlclient", "pymysql", "pytest-mysql"]
dev-postgres = ["asyncpg", "pg8000", "psycopg (>=3)", "psycopg2 (>=2.9.10)", "pygresql", "pytest-postgresql"]
dev-sqlite = ["aiosqlite", "apsw"]
dist = ["build", "twine", "wheel"]
doc = ["rstcheck", "sphinx", "sphinx-rtd-theme"]

[[package]]
name = "aiosqlite"
version = "0.21.0"
description = "asyncio bridge to the standard sqlite3 module"
optional = false
python-versions = ">=3.9"
files = [
    {file = "aiosqlite-0.21.0-py3-none-any.whl", hash = "sha256:2549cf4057f95f53dcba16f2b64e8e2791d7e1adedb13197dd8ed77bb226d7d0"},
    {file = "aiosqlite-0.21.0.tar.gz", hash = "sha256:131bb8056daa3bc875608c631c678cda73922a2d4ba8aec373b19f18c17e7aa3"},
]

[package.dependencies]
typing_extensions = ">=4.0"

[package.extras]
dev = ["attribution (==1.7.1)", "black (==24.3.0)", "build (>=1.2)", "coverage[toml] (==7.6.10)", "flake8 (==7.0.0)", "flake8-bugbear (==24.12.12)", "flit (==3.10.1)", "mypy (==1.14.1)", "ufmt (==2.5.1)", "usort (==1.0.8.post1)"]
docs = ["sphinx (==8.1.3)", "sphinx-mdinclude (==0.6.1)"]

[[package]]
name = "typing-extensions"
version = "4.12.2"
description = "Backported and Experimental Type Hints for Python 3.8+"
optional = false
python-versions = ">=3.8"
files = [
    {file = "typing_extensions-4.12.2-py3-none-any.whl", hash = "sha256:04e5ca0351e0f3f85c6853954072df659d0d13fac324d0072316b67d7794700d"},
    {file = "typing_extensions-4.12.2.tar.gz", hash = "sha256:1a7ead55c7e559dd4dee8856e3a88b41225abfe1ce8df57b7c13915fe121ffb8"},
]

[metadata]
lock-version = "2.0"
python-versions = "^3.13"
content-hash = "86989e27687c589ac10d1d70071a6dfce64afa7e9d91f1f1bfbb1e22342fd7e5"
